
Microsoft Visual Studio Solution File, Format Version 12.00
# Visual Studio Version 17
VisualStudioVersion = 17.2.32516.85
MinimumVisualStudioVersion = 10.0.40219.1
Project("{FAE04EC0-301F-11D3-BF4B-00C04F79EFBC}") = "FunTimeQuizzes", "FunTimeQuizzes\FunTimeQuizzes.csproj", "{491CC89D-A0A3-4AA8-B80B-FE877BEB300D}"
EndProject
Global
	GlobalSection(SolutionConfigurationPlatforms) = preSolution
		Debug|Any CPU = Debug|Any CPU
		Release|Any CPU = Release|Any CPU
	EndGlobalSection
	GlobalSection(ProjectConfigurationPlatforms) = postSolution
		{491CC89D-A0A3-4AA8-B80B-FE877BEB300D}.Debug|Any CPU.ActiveCfg = Debug|Any CPU
		{491CC89D-A0A3-4AA8-B80B-FE877BEB300D}.Debug|Any CPU.Build.0 = Debug|Any CPU
		{491CC89D-A0A3-4AA8-B80B-FE877BEB300D}.Release|Any CPU.ActiveCfg = Release|Any CPU
		{491CC89D-A0A3-4AA8-B80B-FE877BEB300D}.Release|Any CPU.Build.0 = Release|Any CPU
	EndGlobalSection
	GlobalSection(SolutionProperties) = preSolution
		HideSolutionNode = FALSE
	EndGlobalSection
	GlobalSection(ExtensibilityGlobals) = postSolution
		SolutionGuid = {2CFD8D8D-DE9D-46B2-9130-3A85108B64A8}
	EndGlobalSection
EndGlobal
